// !$*UTF8*$!
{
	archiveVersion = 1;
	classes = {
	};
	objectVersion = 55;
	objects = {

/* Begin PBXBuildFile section */
		6C6D9F4C27F22DAC0072277C /* AppDelegate.swift in Sources */ = {isa = PBXBuildFile; fileRef = 6C6D9F4B27F22DAC0072277C /* AppDelegate.swift */; };
		6C6D9F4E27F22DAC0072277C /* SceneDelegate.swift in Sources */ = {isa = PBXBuildFile; fileRef = 6C6D9F4D27F22DAC0072277C /* SceneDelegate.swift */; };
		6C6D9F5027F22DAC0072277C /* VC_NewsList.swift in Sources */ = {isa = PBXBuildFile; fileRef = 6C6D9F4F27F22DAC0072277C /* VC_NewsList.swift */; };
		6C6D9F5327F22DAC0072277C /* Main.storyboard in Resources */ = {isa = PBXBuildFile; fileRef = 6C6D9F5127F22DAC0072277C /* Main.storyboard */; };
		6C6D9F5627F22DAC0072277C /* NewsAppCaseStudy.xcdatamodeld in Sources */ = {isa = PBXBuildFile; fileRef = 6C6D9F5427F22DAC0072277C /* NewsAppCaseStudy.xcdatamodeld */; };
		6C6D9F5827F22DB00072277C /* Assets.xcassets in Resources */ = {isa = PBXBuildFile; fileRef = 6C6D9F5727F22DB00072277C /* Assets.xcassets */; };
		6C6D9F5B27F22DB00072277C /* LaunchScreen.storyboard in Resources */ = {isa = PBXBuildFile; fileRef = 6C6D9F5927F22DB00072277C /* LaunchScreen.storyboard */; };
		6CFD737E27F230260065595D /* Constants.swift in Sources */ = {isa = PBXBuildFile; fileRef = 6CFD737D27F230260065595D /* Constants.swift */; };
		6CFD738127F2337B0065595D /* NewsResponse.swift in Sources */ = {isa = PBXBuildFile; fileRef = 6CFD738027F2337B0065595D /* NewsResponse.swift */; };
		6CFD738327F233FC0065595D /* Article.swift in Sources */ = {isa = PBXBuildFile; fileRef = 6CFD738227F233FC0065595D /* Article.swift */; };
		6CFD738527F234410065595D /* Source.swift in Sources */ = {isa = PBXBuildFile; fileRef = 6CFD738427F234410065595D /* Source.swift */; };
		6CFD738827F235A60065595D /* APIService.swift in Sources */ = {isa = PBXBuildFile; fileRef = 6CFD738727F235A60065595D /* APIService.swift */; };
		6CFD738A27F236800065595D /* NetworkHandler.swift in Sources */ = {isa = PBXBuildFile; fileRef = 6CFD738927F236800065595D /* NetworkHandler.swift */; };
		6CFD738C27F23A5F0065595D /* SetImageHandler.swift in Sources */ = {isa = PBXBuildFile; fileRef = 6CFD738B27F23A5F0065595D /* SetImageHandler.swift */; };
		6CFD738E27F2436C0065595D /* VC_NewDetail.swift in Sources */ = {isa = PBXBuildFile; fileRef = 6CFD738D27F2436C0065595D /* VC_NewDetail.swift */; };
		6CFD739027F243DC0065595D /* VC_FavoriteNews.swift in Sources */ = {isa = PBXBuildFile; fileRef = 6CFD738F27F243DC0065595D /* VC_FavoriteNews.swift */; };
		6CFD739727F2456B0065595D /* TVC_NewsList.swift in Sources */ = {isa = PBXBuildFile; fileRef = 6CFD739527F2456B0065595D /* TVC_NewsList.swift */; };
		6CFD739827F2456B0065595D /* TVC_NewsList.xib in Resources */ = {isa = PBXBuildFile; fileRef = 6CFD739627F2456B0065595D /* TVC_NewsList.xib */; };
		6CFD739B27F245990065595D /* TVC_FavoriteNews.swift in Sources */ = {isa = PBXBuildFile; fileRef = 6CFD739927F245990065595D /* TVC_FavoriteNews.swift */; };
		6CFD739C27F245990065595D /* TVC_FavoriteNews.xib in Resources */ = {isa = PBXBuildFile; fileRef = 6CFD739A27F245990065595D /* TVC_FavoriteNews.xib */; };
		DA078151C5785E6C946D5E67 /* Pods_NewsAppCaseStudy.framework in Frameworks */ = {isa = PBXBuildFile; fileRef = 7BC79C7657ED9BB965529B9F /* Pods_NewsAppCaseStudy.framework */; };
/* End PBXBuildFile section */

/* Begin PBXFileReference section */
		0D3FAEE685E16D321386792C /* Pods-NewsAppCaseStudy.debug.xcconfig */ = {isa = PBXFileReference; includeInIndex = 1; lastKnownFileType = text.xcconfig; name = "Pods-NewsAppCaseStudy.debug.xcconfig"; path = "Target Support Files/Pods-NewsAppCaseStudy/Pods-NewsAppCaseStudy.debug.xcconfig"; sourceTree = "<group>"; };
		6C6D9F4827F22DAC0072277C /* NewsAppCaseStudy.app */ = {isa = PBXFileReference; explicitFileType = wrapper.application; includeInIndex = 0; path = NewsAppCaseStudy.app; sourceTree = BUILT_PRODUCTS_DIR; };
		6C6D9F4B27F22DAC0072277C /* AppDelegate.swift */ = {isa = PBXFileReference; lastKnownFileType = sourcecode.swift; path = AppDelegate.swift; sourceTree = "<group>"; };
		6C6D9F4D27F22DAC0072277C /* SceneDelegate.swift */ = {isa = PBXFileReference; lastKnownFileType = sourcecode.swift; path = SceneDelegate.swift; sourceTree = "<group>"; };
		6C6D9F4F27F22DAC0072277C /* VC_NewsList.swift */ = {isa = PBXFileReference; lastKnownFileType = sourcecode.swift; path = VC_NewsList.swift; sourceTree = "<group>"; };
		6C6D9F5227F22DAC0072277C /* Base */ = {isa = PBXFileReference; lastKnownFileType = file.storyboard; name = Base; path = Base.lproj/Main.storyboard; sourceTree = "<group>"; };
		6C6D9F5527F22DAC0072277C /* NewsAppCaseStudy.xcdatamodel */ = {isa = PBXFileReference; lastKnownFileType = wrapper.xcdatamodel; path = NewsAppCaseStudy.xcdatamodel; sourceTree = "<group>"; };
		6C6D9F5727F22DB00072277C /* Assets.xcassets */ = {isa = PBXFileReference; lastKnownFileType = folder.assetcatalog; path = Assets.xcassets; sourceTree = "<group>"; };
		6C6D9F5A27F22DB00072277C /* Base */ = {isa = PBXFileReference; lastKnownFileType = file.storyboard; name = Base; path = Base.lproj/LaunchScreen.storyboard; sourceTree = "<group>"; };
		6C6D9F5C27F22DB00072277C /* Info.plist */ = {isa = PBXFileReference; lastKnownFileType = text.plist.xml; path = Info.plist; sourceTree = "<group>"; };
		6CFD737D27F230260065595D /* Constants.swift */ = {isa = PBXFileReference; lastKnownFileType = sourcecode.swift; path = Constants.swift; sourceTree = "<group>"; };
		6CFD738027F2337B0065595D /* NewsResponse.swift */ = {isa = PBXFileReference; lastKnownFileType = sourcecode.swift; path = NewsResponse.swift; sourceTree = "<group>"; };
		6CFD738227F233FC0065595D /* Article.swift */ = {isa = PBXFileReference; lastKnownFileType = sourcecode.swift; path = Article.swift; sourceTree = "<group>"; };
		6CFD738427F234410065595D /* Source.swift */ = {isa = PBXFileReference; lastKnownFileType = sourcecode.swift; path = Source.swift; sourceTree = "<group>"; };
		6CFD738727F235A60065595D /* APIService.swift */ = {isa = PBXFileReference; lastKnownFileType = sourcecode.swift; path = APIService.swift; sourceTree = "<group>"; };
		6CFD738927F236800065595D /* NetworkHandler.swift */ = {isa = PBXFileReference; lastKnownFileType = sourcecode.swift; path = NetworkHandler.swift; sourceTree = "<group>"; };
		6CFD738B27F23A5F0065595D /* SetImageHandler.swift */ = {isa = PBXFileReference; lastKnownFileType = sourcecode.swift; path = SetImageHandler.swift; sourceTree = "<group>"; };
		6CFD738D27F2436C0065595D /* VC_NewDetail.swift */ = {isa = PBXFileReference; lastKnownFileType = sourcecode.swift; path = VC_NewDetail.swift; sourceTree = "<group>"; };
		6CFD738F27F243DC0065595D /* VC_FavoriteNews.swift */ = {isa = PBXFileReference; lastKnownFileType = sourcecode.swift; path = VC_FavoriteNews.swift; sourceTree = "<group>"; };
		6CFD739527F2456B0065595D /* TVC_NewsList.swift */ = {isa = PBXFileReference; lastKnownFileType = sourcecode.swift; path = TVC_NewsList.swift; sourceTree = "<group>"; };
		6CFD739627F2456B0065595D /* TVC_NewsList.xib */ = {isa = PBXFileReference; lastKnownFileType = file.xib; path = TVC_NewsList.xib; sourceTree = "<group>"; };
		6CFD739927F245990065595D /* TVC_FavoriteNews.swift */ = {isa = PBXFileReference; lastKnownFileType = sourcecode.swift; path = TVC_FavoriteNews.swift; sourceTree = "<group>"; };
		6CFD739A27F245990065595D /* TVC_FavoriteNews.xib */ = {isa = PBXFileReference; lastKnownFileType = file.xib; path = TVC_FavoriteNews.xib; sourceTree = "<group>"; };
		7BC79C7657ED9BB965529B9F /* Pods_NewsAppCaseStudy.framework */ = {isa = PBXFileReference; explicitFileType = wrapper.framework; includeInIndex = 0; path = Pods_NewsAppCaseStudy.framework; sourceTree = BUILT_PRODUCTS_DIR; };
		E22EE5953A2F291D4465AC9F /* Pods-NewsAppCaseStudy.release.xcconfig */ = {isa = PBXFileReference; includeInIndex = 1; lastKnownFileType = text.xcconfig; name = "Pods-NewsAppCaseStudy.release.xcconfig"; path = "Target Support Files/Pods-NewsAppCaseStudy/Pods-NewsAppCaseStudy.release.xcconfig"; sourceTree = "<group>"; };
/* End PBXFileReference section */

/* Begin PBXFrameworksBuildPhase section */
		6C6D9F4527F22DAC0072277C /* Frameworks */ = {
			isa = PBXFrameworksBuildPhase;
			buildActionMask = 2147483647;
			files = (
				DA078151C5785E6C946D5E67 /* Pods_NewsAppCaseStudy.framework in Frameworks */,
			);
			runOnlyForDeploymentPostprocessing = 0;
		};
/* End PBXFrameworksBuildPhase section */

/* Begin PBXGroup section */
		6C6D9F3F27F22DAC0072277C = {
			isa = PBXGroup;
			children = (
				6C6D9F4A27F22DAC0072277C /* NewsAppCaseStudy */,
				6C6D9F4927F22DAC0072277C /* Products */,
				8FCA27C1E80C94D8EE732537 /* Pods */,
				E1D8FC98EA72B117F20E94CC /* Frameworks */,
			);
			sourceTree = "<group>";
		};
		6C6D9F4927F22DAC0072277C /* Products */ = {
			isa = PBXGroup;
			children = (
				6C6D9F4827F22DAC0072277C /* NewsAppCaseStudy.app */,
			);
			name = Products;
			sourceTree = "<group>";
		};
		6C6D9F4A27F22DAC0072277C /* NewsAppCaseStudy */ = {
			isa = PBXGroup;
			children = (
				6C6D9F5C27F22DB00072277C /* Info.plist */,
				6CFD739427F245060065595D /* SupportedFiles */,
				6CFD738627F2358F0065595D /* Handlers */,
				6CFD737C27F230100065595D /* Constants */,
				6CFD739227F244A60065595D /* MVC */,
			);
			path = NewsAppCaseStudy;
			sourceTree = "<group>";
		};
		6CFD737C27F230100065595D /* Constants */ = {
			isa = PBXGroup;
			children = (
				6CFD737D27F230260065595D /* Constants.swift */,
			);
			path = Constants;
			sourceTree = "<group>";
		};
		6CFD737F27F2333B0065595D /* Model */ = {
			isa = PBXGroup;
			children = (
				6CFD738027F2337B0065595D /* NewsResponse.swift */,
				6CFD738227F233FC0065595D /* Article.swift */,
				6CFD738427F234410065595D /* Source.swift */,
			);
			path = Model;
			sourceTree = "<group>";
		};
		6CFD738627F2358F0065595D /* Handlers */ = {
			isa = PBXGroup;
			children = (
				6CFD738727F235A60065595D /* APIService.swift */,
				6CFD738927F236800065595D /* NetworkHandler.swift */,
				6CFD738B27F23A5F0065595D /* SetImageHandler.swift */,
			);
			path = Handlers;
			sourceTree = "<group>";
		};
		6CFD739127F244730065595D /* Controller */ = {
			isa = PBXGroup;
			children = (
				6C6D9F4F27F22DAC0072277C /* VC_NewsList.swift */,
				6CFD738D27F2436C0065595D /* VC_NewDetail.swift */,
				6CFD738F27F243DC0065595D /* VC_FavoriteNews.swift */,
				6CFD739D27F24B440065595D /* Cell */,
			);
			path = Controller;
			sourceTree = "<group>";
		};
		6CFD739227F244A60065595D /* MVC */ = {
			isa = PBXGroup;
			children = (
				6CFD737F27F2333B0065595D /* Model */,
				6CFD739327F244E50065595D /* View */,
				6CFD739127F244730065595D /* Controller */,
			);
			path = MVC;
			sourceTree = "<group>";
		};
		6CFD739327F244E50065595D /* View */ = {
			isa = PBXGroup;
			children = (
				6C6D9F5127F22DAC0072277C /* Main.storyboard */,
				6CFD739627F2456B0065595D /* TVC_NewsList.xib */,
				6CFD739A27F245990065595D /* TVC_FavoriteNews.xib */,
			);
			path = View;
			sourceTree = "<group>";
		};
		6CFD739427F245060065595D /* SupportedFiles */ = {
			isa = PBXGroup;
			children = (
				6C6D9F5427F22DAC0072277C /* NewsAppCaseStudy.xcdatamodeld */,
				6C6D9F4B27F22DAC0072277C /* AppDelegate.swift */,
				6C6D9F4D27F22DAC0072277C /* SceneDelegate.swift */,
				6C6D9F5727F22DB00072277C /* Assets.xcassets */,
				6C6D9F5927F22DB00072277C /* LaunchScreen.storyboard */,
			);
			path = SupportedFiles;
			sourceTree = "<group>";
		};
		6CFD739D27F24B440065595D /* Cell */ = {
			isa = PBXGroup;
			children = (
				6CFD739527F2456B0065595D /* TVC_NewsList.swift */,
				6CFD739927F245990065595D /* TVC_FavoriteNews.swift */,
			);
			path = Cell;
			sourceTree = "<group>";
		};
		8FCA27C1E80C94D8EE732537 /* Pods */ = {
			isa = PBXGroup;
			children = (
				0D3FAEE685E16D321386792C /* Pods-NewsAppCaseStudy.debug.xcconfig */,
				E22EE5953A2F291D4465AC9F /* Pods-NewsAppCaseStudy.release.xcconfig */,
			);
			path = Pods;
			sourceTree = "<group>";
		};
		E1D8FC98EA72B117F20E94CC /* Frameworks */ = {
			isa = PBXGroup;
			children = (
				7BC79C7657ED9BB965529B9F /* Pods_NewsAppCaseStudy.framework */,
			);
			name = Frameworks;
			sourceTree = "<group>";
		};
/* End PBXGroup section */

/* Begin PBXNativeTarget section */
		6C6D9F4727F22DAC0072277C /* NewsAppCaseStudy */ = {
			isa = PBXNativeTarget;
			buildConfigurationList = 6C6D9F5F27F22DB00072277C /* Build configuration list for PBXNativeTarget "NewsAppCaseStudy" */;
			buildPhases = (
				2F039DA8875A78F40079AEEA /* [CP] Check Pods Manifest.lock */,
				6C6D9F4427F22DAC0072277C /* Sources */,
				6C6D9F4527F22DAC0072277C /* Frameworks */,
				6C6D9F4627F22DAC0072277C /* Resources */,
				C412A640FA02909FE00CB21D /* [CP] Embed Pods Frameworks */,
			);
			buildRules = (
			);
			dependencies = (
			);
			name = NewsAppCaseStudy;
			productName = NewsAppCaseStudy;
			productReference = 6C6D9F4827F22DAC0072277C /* NewsAppCaseStudy.app */;
			productType = "com.apple.product-type.application";
		};
/* End PBXNativeTarget section */

/* Begin PBXProject section */
		6C6D9F4027F22DAC0072277C /* Project object */ = {
			isa = PBXProject;
			attributes = {
				BuildIndependentTargetsInParallel = 1;
				LastSwiftUpdateCheck = 1320;
				LastUpgradeCheck = 1320;
				TargetAttributes = {
					6C6D9F4727F22DAC0072277C = {
						CreatedOnToolsVersion = 13.2.1;
					};
				};
			};
			buildConfigurationList = 6C6D9F4327F22DAC0072277C /* Build configuration list for PBXProject "NewsAppCaseStudy" */;
			compatibilityVersion = "Xcode 13.0";
			developmentRegion = en;
			hasScannedForEncodings = 0;
			knownRegions = (
				en,
				Base,
			);
			mainGroup = 6C6D9F3F27F22DAC0072277C;
			productRefGroup = 6C6D9F4927F22DAC0072277C /* Products */;
			projectDirPath = "";
			projectRoot = "";
			targets = (
				6C6D9F4727F22DAC0072277C /* NewsAppCaseStudy */,
			);
		};
/* End PBXProject section */

/* Begin PBXResourcesBuildPhase section */
		6C6D9F4627F22DAC0072277C /* Resources */ = {
			isa = PBXResourcesBuildPhase;
			buildActionMask = 2147483647;
			files = (
				6C6D9F5B27F22DB00072277C /* LaunchScreen.storyboard in Resources */,
				6C6D9F5827F22DB00072277C /* Assets.xcassets in Resources */,
				6CFD739C27F245990065595D /* TVC_FavoriteNews.xib in Resources */,
				6CFD739827F2456B0065595D /* TVC_NewsList.xib in Resources */,
				6C6D9F5327F22DAC0072277C /* Main.storyboard in Resources */,
			);
			runOnlyForDeploymentPostprocessing = 0;
		};
/* End PBXResourcesBuildPhase section */

/* Begin PBXShellScriptBuildPhase section */
		2F039DA8875A78F40079AEEA /* [CP] Check Pods Manifest.lock */ = {
			isa = PBXShellScriptBuildPhase;
			buildActionMask = 2147483647;
			files = (
			);
			inputFileListPaths = (
			);
			inputPaths = (
				"${PODS_PODFILE_DIR_PATH}/Podfile.lock",
				"${PODS_ROOT}/Manifest.lock",
			);
			name = "[CP] Check Pods Manifest.lock";
			outputFileListPaths = (
			);
			outputPaths = (
				"$(DERIVED_FILE_DIR)/Pods-NewsAppCaseStudy-checkManifestLockResult.txt",
			);
			runOnlyForDeploymentPostprocessing = 0;
			shellPath = /bin/sh;
			shellScript = "diff \"${PODS_PODFILE_DIR_PATH}/Podfile.lock\" \"${PODS_ROOT}/Manifest.lock\" > /dev/null\nif [ $? != 0 ] ; then\n    # print error to STDERR\n    echo \"error: The sandbox is not in sync with the Podfile.lock. Run 'pod install' or update your CocoaPods installation.\" >&2\n    exit 1\nfi\n# This output is used by Xcode 'outputs' to avoid re-running this script phase.\necho \"SUCCESS\" > \"${SCRIPT_OUTPUT_FILE_0}\"\n";
			showEnvVarsInLog = 0;
		};
		C412A640FA02909FE00CB21D /* [CP] Embed Pods Frameworks */ = {
			isa = PBXShellScriptBuildPhase;
			buildActionMask = 2147483647;
			files = (
			);
			inputFileListPaths = (
				"${PODS_ROOT}/Target Support Files/Pods-NewsAppCaseStudy/Pods-NewsAppCaseStudy-frameworks-${CONFIGURATION}-input-files.xcfilelist",
			);
			name = "[CP] Embed Pods Frameworks";
			outputFileListPaths = (
				"${PODS_ROOT}/Target Support Files/Pods-NewsAppCaseStudy/Pods-NewsAppCaseStudy-frameworks-${CONFIGURATION}-output-files.xcfilelist",
			);
			runOnlyForDeploymentPostprocessing = 0;
			shellPath = /bin/sh;
			shellScript = "\"${PODS_ROOT}/Target Support Files/Pods-NewsAppCaseStudy/Pods-NewsAppCaseStudy-frameworks.sh\"\n";
			showEnvVarsInLog = 0;
		};
/* End PBXShellScriptBuildPhase section */

/* Begin PBXSourcesBuildPhase section */
		6C6D9F4427F22DAC0072277C /* Sources */ = {
			isa = PBXSourcesBuildPhase;
			buildActionMask = 2147483647;
			files = (
				6CFD739727F2456B0065595D /* TVC_NewsList.swift in Sources */,
				6CFD739027F243DC0065595D /* VC_FavoriteNews.swift in Sources */,
				6CFD738C27F23A5F0065595D /* SetImageHandler.swift in Sources */,
				6CFD738527F234410065595D /* Source.swift in Sources */,
				6CFD738327F233FC0065595D /* Article.swift in Sources */,
				6CFD737E27F230260065595D /* Constants.swift in Sources */,
				6CFD739B27F245990065595D /* TVC_FavoriteNews.swift in Sources */,
				6CFD738E27F2436C0065595D /* VC_NewDetail.swift in Sources */,
				6CFD738A27F236800065595D /* NetworkHandler.swift in Sources */,
				6C6D9F5627F22DAC0072277C /* NewsAppCaseStudy.xcdatamodeld in Sources */,
				6C6D9F5027F22DAC0072277C /* VC_NewsList.swift in Sources */,
				6C6D9F4C27F22DAC0072277C /* AppDelegate.swift in Sources */,
				6C6D9F4E27F22DAC0072277C /* SceneDelegate.swift in Sources */,
				6CFD738827F235A60065595D /* APIService.swift in Sources */,
				6CFD738127F2337B0065595D /* NewsResponse.swift in Sources */,
			);
			runOnlyForDeploymentPostprocessing = 0;
		};
/* End PBXSourcesBuildPhase section */

/* Begin PBXVariantGroup section */
		6C6D9F5127F22DAC0072277C /* Main.storyboard */ = {
			isa = PBXVariantGroup;
			children = (
				6C6D9F5227F22DAC0072277C /* Base */,
			);
			name = Main.storyboard;
			sourceTree = "<group>";
		};
		6C6D9F5927F22DB00072277C /* LaunchScreen.storyboard */ = {
			isa = PBXVariantGroup;
			children = (
				6C6D9F5A27F22DB00072277C /* Base */,
			);
			name = LaunchScreen.storyboard;
			sourceTree = "<group>";
		};
/* End PBXVariantGroup section */

/* Begin XCBuildConfiguration section */
		6C6D9F5D27F22DB00072277C /* Debug */ = {
			isa = XCBuildConfiguration;
			buildSettings = {
				ALWAYS_SEARCH_USER_PATHS = NO;
				CLANG_ANALYZER_NONNULL = YES;
				CLANG_ANALYZER_NUMBER_OBJECT_CONVERSION = YES_AGGRESSIVE;
				CLANG_CXX_LANGUAGE_STANDARD = "gnu++17";
				CLANG_CXX_LIBRARY = "libc++";
				CLANG_ENABLE_MODULES = YES;
				CLANG_ENABLE_OBJC_ARC = YES;
				CLANG_ENABLE_OBJC_WEAK = YES;
				CLANG_WARN_BLOCK_CAPTURE_AUTORELEASING = YES;
				CLANG_WARN_BOOL_CONVERSION = YES;
				CLANG_WARN_COMMA = YES;
				CLANG_WARN_CONSTANT_CONVERSION = YES;
				CLANG_WARN_DEPRECATED_OBJC_IMPLEMENTATIONS = YES;
				CLANG_WARN_DIRECT_OBJC_ISA_USAGE = YES_ERROR;
				CLANG_WARN_DOCUMENTATION_COMMENTS = YES;
				CLANG_WARN_EMPTY_BODY = YES;
				CLANG_WARN_ENUM_CONVERSION = YES;
				CLANG_WARN_INFINITE_RECURSION = YES;
				CLANG_WARN_INT_CONVERSION = YES;
				CLANG_WARN_NON_LITERAL_NULL_CONVERSION = YES;
				CLANG_WARN_OBJC_IMPLICIT_RETAIN_SELF = YES;
				CLANG_WARN_OBJC_LITERAL_CONVERSION = YES;
				CLANG_WARN_OBJC_ROOT_CLASS = YES_ERROR;
				CLANG_WARN_QUOTED_INCLUDE_IN_FRAMEWORK_HEADER = YES;
				CLANG_WARN_RANGE_LOOP_ANALYSIS = YES;
				CLANG_WARN_STRICT_PROTOTYPES = YES;
				CLANG_WARN_SUSPICIOUS_MOVE = YES;
				CLANG_WARN_UNGUARDED_AVAILABILITY = YES_AGGRESSIVE;
				CLANG_WARN_UNREACHABLE_CODE = YES;
				CLANG_WARN__DUPLICATE_METHOD_MATCH = YES;
				COPY_PHASE_STRIP = NO;
				DEBUG_INFORMATION_FORMAT = dwarf;
				ENABLE_STRICT_OBJC_MSGSEND = YES;
				ENABLE_TESTABILITY = YES;
				GCC_C_LANGUAGE_STANDARD = gnu11;
				GCC_DYNAMIC_NO_PIC = NO;
				GCC_NO_COMMON_BLOCKS = YES;
				GCC_OPTIMIZATION_LEVEL = 0;
				GCC_PREPROCESSOR_DEFINITIONS = (
					"DEBUG=1",
					"$(inherited)",
				);
				GCC_WARN_64_TO_32_BIT_CONVERSION = YES;
				GCC_WARN_ABOUT_RETURN_TYPE = YES_ERROR;
				GCC_WARN_UNDECLARED_SELECTOR = YES;
				GCC_WARN_UNINITIALIZED_AUTOS = YES_AGGRESSIVE;
				GCC_WARN_UNUSED_FUNCTION = YES;
				GCC_WARN_UNUSED_VARIABLE = YES;
				IPHONEOS_DEPLOYMENT_TARGET = 15.2;
				MTL_ENABLE_DEBUG_INFO = INCLUDE_SOURCE;
				MTL_FAST_MATH = YES;
				ONLY_ACTIVE_ARCH = YES;
				SDKROOT = iphoneos;
				SWIFT_ACTIVE_COMPILATION_CONDITIONS = DEBUG;
				SWIFT_OPTIMIZATION_LEVEL = "-Onone";
			};
			name = Debug;
		};
		6C6D9F5E27F22DB00072277C /* Release */ = {
			isa = XCBuildConfiguration;
			buildSettings = {
				ALWAYS_SEARCH_USER_PATHS = NO;
				CLANG_ANALYZER_NONNULL = YES;
				CLANG_ANALYZER_NUMBER_OBJECT_CONVERSION = YES_AGGRESSIVE;
				CLANG_CXX_LANGUAGE_STANDARD = "gnu++17";
				CLANG_CXX_LIBRARY = "libc++";
				CLANG_ENABLE_MODULES = YES;
				CLANG_ENABLE_OBJC_ARC = YES;
				CLANG_ENABLE_OBJC_WEAK = YES;
				CLANG_WARN_BLOCK_CAPTURE_AUTORELEASING = YES;
				CLANG_WARN_BOOL_CONVERSION = YES;
				CLANG_WARN_COMMA = YES;
				CLANG_WARN_CONSTANT_CONVERSION = YES;
				CLANG_WARN_DEPRECATED_OBJC_IMPLEMENTATIONS = YES;
				CLANG_WARN_DIRECT_OBJC_ISA_USAGE = YES_ERROR;
				CLANG_WARN_DOCUMENTATION_COMMENTS = YES;
				CLANG_WARN_EMPTY_BODY = YES;
				CLANG_WARN_ENUM_CONVERSION = YES;
				CLANG_WARN_INFINITE_RECURSION = YES;
				CLANG_WARN_INT_CONVERSION = YES;
				CLANG_WARN_NON_LITERAL_NULL_CONVERSION = YES;
				CLANG_WARN_OBJC_IMPLICIT_RETAIN_SELF = YES;
				CLANG_WARN_OBJC_LITERAL_CONVERSION = YES;
				CLANG_WARN_OBJC_ROOT_CLASS = YES_ERROR;
				CLANG_WARN_QUOTED_INCLUDE_IN_FRAMEWORK_HEADER = YES;
				CLANG_WARN_RANGE_LOOP_ANALYSIS = YES;
				CLANG_WARN_STRICT_PROTOTYPES = YES;
				CLANG_WARN_SUSPICIOUS_MOVE = YES;
				CLANG_WARN_UNGUARDED_AVAILABILITY = YES_AGGRESSIVE;
				CLANG_WARN_UNREACHABLE_CODE = YES;
				CLANG_WARN__DUPLICATE_METHOD_MATCH = YES;
				COPY_PHASE_STRIP = NO;
				DEBUG_INFORMATION_FORMAT = "dwarf-with-dsym";
				ENABLE_NS_ASSERTIONS = NO;
				ENABLE_STRICT_OBJC_MSGSEND = YES;
				GCC_C_LANGUAGE_STANDARD = gnu11;
				GCC_NO_COMMON_BLOCKS = YES;
				GCC_WARN_64_TO_32_BIT_CONVERSION = YES;
				GCC_WARN_ABOUT_RETURN_TYPE = YES_ERROR;
				GCC_WARN_UNDECLARED_SELECTOR = YES;
				GCC_WARN_UNINITIALIZED_AUTOS = YES_AGGRESSIVE;
				GCC_WARN_UNUSED_FUNCTION = YES;
				GCC_WARN_UNUSED_VARIABLE = YES;
				IPHONEOS_DEPLOYMENT_TARGET = 15.2;
				MTL_ENABLE_DEBUG_INFO = NO;
				MTL_FAST_MATH = YES;
				SDKROOT = iphoneos;
				SWIFT_COMPILATION_MODE = wholemodule;
				SWIFT_OPTIMIZATION_LEVEL = "-O";
				VALIDATE_PRODUCT = YES;
			};
			name = Release;
		};
		6C6D9F6027F22DB00072277C /* Debug */ = {
			isa = XCBuildConfiguration;
			baseConfigurationReference = 0D3FAEE685E16D321386792C /* Pods-NewsAppCaseStudy.debug.xcconfig */;
			buildSettings = {
				ASSETCATALOG_COMPILER_APPICON_NAME = AppIcon;
				ASSETCATALOG_COMPILER_GLOBAL_ACCENT_COLOR_NAME = AccentColor;
				CODE_SIGN_STYLE = Automatic;
				CURRENT_PROJECT_VERSION = 1;
				GENERATE_INFOPLIST_FILE = YES;
				INFOPLIST_FILE = NewsAppCaseStudy/Info.plist;
				INFOPLIST_KEY_UIApplicationSupportsIndirectInputEvents = YES;
				INFOPLIST_KEY_UILaunchStoryboardName = LaunchScreen;
				INFOPLIST_KEY_UIMainStoryboardFile = Main;
				INFOPLIST_KEY_UISupportedInterfaceOrientations_iPad = "UIInterfaceOrientationPortrait UIInterfaceOrientationPortraitUpsideDown UIInterfaceOrientationLandscapeLeft UIInterfaceOrientationLandscapeRight";
				INFOPLIST_KEY_UISupportedInterfaceOrientations_iPhone = "UIInterfaceOrientationPortrait UIInterfaceOrientationLandscapeLeft UIInterfaceOrientationLandscapeRight";
				LD_RUNPATH_SEARCH_PATHS = (
					"$(inherited)",
					"@executable_path/Frameworks",
				);
				MARKETING_VERSION = 1.0;
				PRODUCT_BUNDLE_IDENTIFIER = com.furkanyildiz.NewsAppCaseStudy;
				PRODUCT_NAME = "$(TARGET_NAME)";
				SWIFT_EMIT_LOC_STRINGS = YES;
				SWIFT_VERSION = 5.0;
				TARGETED_DEVICE_FAMILY = "1,2";
			};
			name = Debug;
		};
		6C6D9F6127F22DB00072277C /* Release */ = {
			isa = XCBuildConfiguration;
			baseConfigurationReference = E22EE5953A2F291D4465AC9F /* Pods-NewsAppCaseStudy.release.xcconfig */;
			buildSettings = {
				ASSETCATALOG_COMPILER_APPICON_NAME = AppIcon;
				ASSETCATALOG_COMPILER_GLOBAL_ACCENT_COLOR_NAME = AccentColor;
				CODE_SIGN_STYLE = Automatic;
				CURRENT_PROJECT_VERSION = 1;
				GENERATE_INFOPLIST_FILE = YES;
				INFOPLIST_FILE = NewsAppCaseStudy/Info.plist;
				INFOPLIST_KEY_UIApplicationSupportsIndirectInputEvents = YES;
				INFOPLIST_KEY_UILaunchStoryboardName = LaunchScreen;
				INFOPLIST_KEY_UIMainStoryboardFile = Main;
				INFOPLIST_KEY_UISupportedInterfaceOrientations_iPad = "UIInterfaceOrientationPortrait UIInterfaceOrientationPortraitUpsideDown UIInterfaceOrientationLandscapeLeft UIInterfaceOrientationLandscapeRight";
				INFOPLIST_KEY_UISupportedInterfaceOrientations_iPhone = "UIInterfaceOrientationPortrait UIInterfaceOrientationLandscapeLeft UIInterfaceOrientationLandscapeRight";
				LD_RUNPATH_SEARCH_PATHS = (
					"$(inherited)",
					"@executable_path/Frameworks",
				);
				MARKETING_VERSION = 1.0;
				PRODUCT_BUNDLE_IDENTIFIER = com.furkanyildiz.NewsAppCaseStudy;
				PRODUCT_NAME = "$(TARGET_NAME)";
				SWIFT_EMIT_LOC_STRINGS = YES;
				SWIFT_VERSION = 5.0;
				TARGETED_DEVICE_FAMILY = "1,2";
			};
			name = Release;
		};
/* End XCBuildConfiguration section */

/* Begin XCConfigurationList section */
		6C6D9F4327F22DAC0072277C /* Build configuration list for PBXProject "NewsAppCaseStudy" */ = {
			isa = XCConfigurationList;
			buildConfigurations = (
				6C6D9F5D27F22DB00072277C /* Debug */,
				6C6D9F5E27F22DB00072277C /* Release */,
			);
			defaultConfigurationIsVisible = 0;
			defaultConfigurationName = Release;
		};
		6C6D9F5F27F22DB00072277C /* Build configuration list for PBXNativeTarget "NewsAppCaseStudy" */ = {
			isa = XCConfigurationList;
			buildConfigurations = (
				6C6D9F6027F22DB00072277C /* Debug */,
				6C6D9F6127F22DB00072277C /* Release */,
			);
			defaultConfigurationIsVisible = 0;
			defaultConfigurationName = Release;
		};
/* End XCConfigurationList section */

/* Begin XCVersionGroup section */
		6C6D9F5427F22DAC0072277C /* NewsAppCaseStudy.xcdatamodeld */ = {
			isa = XCVersionGroup;
			children = (
				6C6D9F5527F22DAC0072277C /* NewsAppCaseStudy.xcdatamodel */,
			);
			currentVersion = 6C6D9F5527F22DAC0072277C /* NewsAppCaseStudy.xcdatamodel */;
			path = NewsAppCaseStudy.xcdatamodeld;
			sourceTree = "<group>";
			versionGroupType = wrapper.xcdatamodel;
		};
/* End XCVersionGroup section */
	};
	rootObject = 6C6D9F4027F22DAC0072277C /* Project object */;
}
